{
  "version": 1,
  "members": {
    "effect-utils": {
      "url": "https://github.com/overengineeringstudio/effect-utils",
      "ref": "schickling/2026-05-26-pnpm-refactor",
      "commit": "002a16cb94009c194dd2d28a4daa4baa0a52fecf",
      "pinned": true,
      "lockedAt": "2026-05-26T06:49:45.392Z"
    },
    "effect": {
      "url": "https://github.com/effect-ts/effect",
      "ref": "main",
      "commit": "e5998a45f69960b38eb2b8cb67cbb07b9e6962c7",
      "pinned": false,
      "lockedAt": "2026-05-24T05:29:38.531Z"
    }
  }
}
