{
  "version": 1,
  "members": {
    "effect-utils": {
      "url": "https://github.com/overengineeringstudio/effect-utils",
      "ref": "main",
      "commit": "301df79e08eaaaa019a09270511757333e03ee6f",
      "pinned": false,
      "lockedAt": "2026-01-26T21:40:37.350Z"
    },
    "overeng-beads-public": {
      "url": "https://github.com/overengineeringstudio/overeng-beads-public",
      "ref": "main",
      "commit": "02b24e1e78f0bf741ac55389902b2884390ec509",
      "pinned": false,
      "lockedAt": "2026-01-25T14:34:50.002Z"
    }
  }
}
