    engines: {node: '>=0.10.0'}
    deprecated: Package no longer supported. Contact Support at https://www.npmjs.com/support for more info.
    deprecated: this version is no longer supported, please update to at least 0.8.*
    deprecated: Glob versions prior to v9 are no longer supported
    deprecated: Glob versions prior to v9 are no longer supported
    deprecated: This module is not supported, and leaks memory. Do not use it. Check out lru-cache if you want a good and tested way to coalesce async requests by a key value, which is much more comprehensive and powerful.
    deprecated: This package is deprecated. Use the optional chaining (?.) operator instead.
    deprecated: Use your platform's native DOMException instead
    deprecated: 'react-beautiful-dnd is now deprecated. Context and options: https://github.com/atlassian/react-beautiful-dnd/issues/2672'
    deprecated: Rimraf versions prior to v4 are no longer supported
    deprecated: Rimraf versions prior to v4 are no longer supported
    deprecated: Package no longer supported. Contact Support at https://www.npmjs.com/support for more info.
