      '@cloudflare/vite-plugin':
        specifier: ^1.13.12
        version: 1.13.12(vite@7.1.7(@types/node@24.5.2)(jiti@2.5.1)(lightningcss@1.30.1)(terser@5.44.0)(tsx@4.20.5)(yaml@2.8.1))(workerd@1.20251008.0)(wrangler@4.38.0(@cloudflare/workers-types@4.20250923.0))
  '@cloudflare/unenv-preset@2.7.7':
    resolution: {integrity: sha512-HtZuh166y0Olbj9bqqySckz0Rw9uHjggJeoGbDx5x+sgezBXlxO6tQSig2RZw5tgObF8mWI8zaPvQMkQZtAODw==}
    peerDependencies:
      unenv: 2.0.0-rc.21
      workerd: ^1.20250927.0
    peerDependenciesMeta:
      workerd:
        optional: true

  '@cloudflare/vite-plugin@1.13.12':
    resolution: {integrity: sha512-JEcrUF1uXxMQfp+RcGw7ov5K8uOGX0arFYdyO3QfHrjWspHnsw0zOYL+4083itEInRVnZjS5LunpsNpxSVbCEw==}
    peerDependencies:
      vite: ^6.1.0 || ^7.0.0
      wrangler: ^4.42.2

  '@cloudflare/workerd-darwin-64@1.20251008.0':
    resolution: {integrity: sha512-yph0H+8mMOK5Z9oDwjb8rI96oTVt4no5lZ43aorcbzsWG9VUIaXSXlBBoB3von6p4YCRW+J3n36fBM9XZ6TLaA==}
    engines: {node: '>=16'}
    cpu: [x64]
    os: [darwin]

  '@cloudflare/workerd-darwin-arm64@1.20251008.0':
    resolution: {integrity: sha512-Yc4lMGSbM4AEtYRpyDpmk77MsHb6X2BSwJgMgGsLVPmckM7ZHivZkJChfcNQjZ/MGR6nkhYc4iF6TcVS+UMEVw==}
    engines: {node: '>=16'}
    cpu: [arm64]
    os: [darwin]

  '@cloudflare/workerd-linux-64@1.20251008.0':
    resolution: {integrity: sha512-AjoQnylw4/5G6SmfhZRsli7EuIK7ZMhmbxtU0jkpciTlVV8H01OsFOgS1d8zaTXMfkWamEfMouy8oH/L7B9YcQ==}
    engines: {node: '>=16'}
    cpu: [x64]
    os: [linux]

  '@cloudflare/workerd-linux-arm64@1.20251008.0':
    resolution: {integrity: sha512-hRy9yyvzVq1HsqHZUmFkAr0C8JGjAD/PeeVEGCKL3jln3M9sNCKIrbDXiL+efe+EwajJNNlDxpO+s30uVWVaRg==}
    engines: {node: '>=16'}
    cpu: [arm64]
    os: [linux]
      specifier: 4.42.2
      version: 4.42.2
    resolution: {integrity: sha512-Gm0RR+ehfNMsScn2pUcn3N9PDUpy7FyvV9ecHEyclKttvztyFOcmsF14bxEaSVv7iM4TxWEBn1rclmYHxDM4ow==}
    engines: {node: '>=16'}
    cpu: [x64]
    os: [win32]

    engines: {node: '>=0.10.0'}
    deprecated: Package no longer supported. Contact Support at https://www.npmjs.com/support for more info.
    peerDependencies:
      '@babel/core': '*'
  '@remix-run/node-fetch-server@0.8.1':
    resolution: {integrity: sha512-J1dev372wtJqmqn9U/qbpbZxbJSQrogNN2+Qv1lKlpATpe/WQ9aCZfl/xSb9d2Rgh1IyLSvNxZAXPZxruO6Xig==}

    deprecated: this version is no longer supported, please update to at least 0.8.*
    deprecated: Glob versions prior to v9 are no longer supported
    deprecated: Glob versions prior to v9 are no longer supported
    deprecated: Renamed to rehype
    deprecated: This module is not supported, and leaks memory. Do not use it. Check out lru-cache if you want a good and tested way to coalesce async requests by a key value, which is much more comprehensive and powerful.
    deprecated: This package is deprecated. Use the optional chaining (?.) operator instead.
  miniflare@4.20251008.0:
    resolution: {integrity: sha512-sKCNYNzXG6l8qg0Oo7y8WcDKcpbgw0qwZsxNpdZilFTR4EavRow2TlcwuPSVN99jqAjhz0M4VXvTdSGdtJ2VfQ==}
    engines: {node: '>=18.0.0'}
    hasBin: true

    deprecated: Use your platform's native DOMException instead
    deprecated: 'react-beautiful-dnd is now deprecated. Context and options: https://github.com/atlassian/react-beautiful-dnd/issues/2672'
    deprecated: Rimraf versions prior to v4 are no longer supported
    deprecated: Rimraf versions prior to v4 are no longer supported
    deprecated: Package no longer supported. Contact Support at https://www.npmjs.com/support for more info.
  workerd@1.20251008.0:
    resolution: {integrity: sha512-HwaJmXO3M1r4S8x2ea2vy8Rw/y/38HRQuK/gNDRQ7w9cJXn6xSl1sIIqKCffULSUjul3wV3I3Nd/GfbmsRReEA==}
    engines: {node: '>=16'}
    hasBin: true

  '@cloudflare/unenv-preset@2.7.7(unenv@2.0.0-rc.21)(workerd@1.20251008.0)':
    dependencies:
      unenv: 2.0.0-rc.21
    optionalDependencies:
      workerd: 1.20251008.0

  '@cloudflare/vite-plugin@1.13.12(vite@7.1.7(@types/node@24.5.2)(jiti@2.5.1)(lightningcss@1.30.1)(terser@5.44.0)(tsx@4.20.5)(yaml@2.8.1))(workerd@1.20251008.0)(wrangler@4.38.0(@cloudflare/workers-types@4.20250923.0))':
    dependencies:
      '@cloudflare/unenv-preset': 2.7.7(unenv@2.0.0-rc.21)(workerd@1.20251008.0)
      '@remix-run/node-fetch-server': 0.8.1
      get-port: 7.1.0
      miniflare: 4.20251008.0
      picocolors: 1.1.1
      tinyglobby: 0.2.15
      unenv: 2.0.0-rc.21
      vite: 7.1.7(@types/node@24.5.2)(jiti@2.5.1)(lightningcss@1.30.1)(terser@5.44.0)(tsx@4.20.5)(yaml@2.8.1)
      wrangler: 4.38.0(@cloudflare/workers-types@4.20250923.0)
      ws: 8.18.0
    transitivePeerDependencies:
      - bufferutil
      - utf-8-validate
      - workerd

  '@cloudflare/workerd-darwin-64@1.20251008.0':
    optional: true

  '@cloudflare/workerd-darwin-arm64@1.20251008.0':
    optional: true

  '@cloudflare/workerd-linux-64@1.20251008.0':
    optional: true

  '@cloudflare/workerd-linux-arm64@1.20251008.0':
    optional: true

  '@cloudflare/workerd-windows-64@1.20251008.0':
    optional: true

  '@react-native/babel-plugin-codegen@0.81.4(@babel/core@7.28.4)':
      '@react-native/codegen': 0.81.4(@babel/core@7.28.4)
      - '@babel/core'
      '@react-native/babel-plugin-codegen': 0.81.4(@babel/core@7.28.4)
  '@react-native/codegen@0.81.4(@babel/core@7.28.4)':
  '@remix-run/node-fetch-server@0.8.1': {}

  miniflare@4.20251008.0:
    dependencies:
      '@cspotcode/source-map-support': 0.8.1
      acorn: 8.14.0
      acorn-walk: 8.3.2
      exit-hook: 2.2.1
      glob-to-regexp: 0.4.1
      sharp: 0.33.5
      stoppable: 1.1.0
      undici: 7.14.0
      workerd: 1.20251008.0
      ws: 8.18.0
      youch: 4.1.0-beta.10
      zod: 3.22.3
    transitivePeerDependencies:
      - bufferutil
      - utf-8-validate

      '@react-native/codegen': 0.81.4(@babel/core@7.28.4)
  workerd@1.20251008.0:
    optionalDependencies:
      '@cloudflare/workerd-darwin-64': 1.20251008.0
      '@cloudflare/workerd-darwin-arm64': 1.20251008.0
      '@cloudflare/workerd-linux-64': 1.20251008.0
      '@cloudflare/workerd-linux-arm64': 1.20251008.0
      '@cloudflare/workerd-windows-64': 1.20251008.0

      '@cloudflare/vite-plugin':
        specifier: ^1.13.12
        version: 1.13.12(vite@7.1.7(@types/node@24.5.2)(jiti@2.5.1)(lightningcss@1.30.1)(terser@5.44.0)(tsx@4.20.5)(yaml@2.8.1))(workerd@1.20251008.0)(wrangler@4.42.2)
        specifier: ^4.42.2
        version: 4.42.2(@cloudflare/workers-types@4.20250923.0)
        specifier: ^4.42.2
        version: 4.42.2(@cloudflare/workers-types@4.20250923.0)
        specifier: ^4.42.2
        version: 4.42.2(@cloudflare/workers-types@4.20250923.0)
      '@livestore/sync-cf':
        specifier: workspace:*
        version: link:../../packages/@livestore/sync-cf
      '@cloudflare/vite-plugin':
        specifier: ^1.13.12
        version: 1.13.12(vite@7.1.7(@types/node@24.5.2)(jiti@2.5.1)(lightningcss@1.30.1)(terser@5.44.0)(tsx@4.20.5)(yaml@2.8.1))(workerd@1.20251008.0)(wrangler@4.42.2)
      wrangler:
        specifier: ^4.42.2
        version: 4.42.2(@cloudflare/workers-types@4.20250923.0)
        version: 1.13.12(vite@7.1.7(@types/node@24.5.2)(jiti@2.5.1)(lightningcss@1.30.1)(terser@5.44.0)(tsx@4.20.5)(yaml@2.8.1))(workerd@1.20251008.0)(wrangler@4.42.2)
        specifier: ^4.42.2
        version: 4.42.2(@cloudflare/workers-types@4.20250923.0)
        version: 4.42.2(@cloudflare/workers-types@4.20250923.0)
        version: 4.42.2(@cloudflare/workers-types@4.20250923.0)
        version: 4.42.2(@cloudflare/workers-types@4.20250923.0)
        version: 4.42.2(@cloudflare/workers-types@4.20250923.0)
        version: 4.42.2(@cloudflare/workers-types@4.20250923.0)
    engines: {'0': node >=0.10.0}
  wrangler@4.42.2:
    resolution: {integrity: sha512-1iTnbjB4F12KSP1zbfxQL495xarS+vdrZnulQP2SEcAxDTUGn7N9zk1O2WtFOc+Fhcgl+9/sdz/4AL9pF34Pwg==}
      '@cloudflare/workers-types': ^4.20251008.0
  '@cloudflare/vite-plugin@1.13.12(vite@7.1.7(@types/node@24.5.2)(jiti@2.5.1)(lightningcss@1.30.1)(terser@5.44.0)(tsx@4.20.5)(yaml@2.8.1))(workerd@1.20251008.0)(wrangler@4.42.2)':
      wrangler: 4.42.2(@cloudflare/workers-types@4.20250923.0)
  '@react-native/babel-plugin-codegen@0.81.4':
      '@react-native/codegen': 0.81.4
      '@react-native/babel-plugin-codegen': 0.81.4
  '@react-native/codegen@0.81.4':
    transitivePeerDependencies:
      - supports-color
      '@react-native/codegen': 0.81.4
  wrangler@4.42.2(@cloudflare/workers-types@4.20250923.0):
      '@cloudflare/unenv-preset': 2.7.7(unenv@2.0.0-rc.21)(workerd@1.20251008.0)
      miniflare: 4.20251008.0
      workerd: 1.20251008.0
