lockfileVersion: '9.0'

settings:
  autoInstallPeers: true
  excludeLinksFromLockfile: false

importers:

  .:
    dependencies:
      '@cloudflare/workers-types':
        specifier: 4.20251118.0
        version: 4.20251118.0
      '@livestore/common':
        specifier: link:../common
        version: link:../common
      '@livestore/common-cf':
        specifier: link:../common-cf
        version: link:../common-cf
      '@livestore/utils':
        specifier: link:../utils
        version: link:../utils

packages:

  '@cloudflare/workers-types@4.20251118.0':
    resolution: {integrity: sha512-O1BlPjaQlM5rsxf8rc8NwNrXduzXMCWZDsSelI1SEyt0zYuBYMzn0kNrrD2bXAtXeYCk6LrX98037AlVdGXBUw==}

snapshots:

  '@cloudflare/workers-types@4.20251118.0': {}
