lockfileVersion: '9.0'

settings:
  autoInstallPeers: true
  excludeLinksFromLockfile: false

importers:

  .:
    dependencies:
      '@livestore/common':
        specifier: link:../common
        version: link:../common
      '@livestore/utils':
        specifier: link:../utils
        version: link:../utils
      '@livestore/webmesh':
        specifier: link:../webmesh
        version: link:../webmesh
