lockfileVersion: '9.0'

settings:
  autoInstallPeers: true
  excludeLinksFromLockfile: false

importers:

  .:
    dependencies:
      '@livestore/common':
        specifier: file:../common
        version: file:../common(4b4e01ec0a855c763c362c953f7439ca)
      '@livestore/livestore':
        specifier: file:../livestore
        version: file:../livestore(4b4e01ec0a855c763c362c953f7439ca)
      '@livestore/utils':
        specifier: file:../utils
        version: file:../utils(4ef0737add8802666726719a408c8a66)

packages:

  '@effect/ai@0.29.1':
    resolution: {integrity: sha512-uSeAPYha2yJVyEl1xdcbwrXF7GpQlt5225HMP2HXH92OIYNQO9jOel/bCiqV7Q2QWk3I0NP/2zfIM+nThAGoVg==}
    peerDependencies:
      '@effect/experimental': ^0.56.0
      '@effect/platform': ^0.92.0
      '@effect/rpc': ^0.71.0
      effect: ^3.18.1

  '@effect/cli@0.71.0':
    resolution: {integrity: sha512-ZmJpUVyhMpIUsiurf4UmEWTURPhGHtZrLRXkMOqggkhIeVR1kSxn8EM+ZMXLlT/23gxbHN4ymj7BmBjxP1oodA==}
    peerDependencies:
      '@effect/platform': ^0.92.0
      '@effect/printer': ^0.46.0
      '@effect/printer-ansi': ^0.46.0
      effect: ^3.18.0

  '@effect/cluster@0.50.6':
    resolution: {integrity: sha512-JZTctj1SjMWZuG8RnkJCd1myAXmpDYEbLPURookJ6jXhpg8ZU29us49YtQa+MCUNmIr80qjeok/I1KVaQmJfrQ==}
    peerDependencies:
      '@effect/platform': ^0.92.1
      '@effect/rpc': ^0.71.1
      '@effect/sql': ^0.46.0
      '@effect/workflow': ^0.11.5
      effect: ^3.18.4

  '@effect/experimental@0.56.0':
    resolution: {integrity: sha512-ZT9wTUVyDptzdkW4Tfvz5fNzygW9vt5jWcFmKI9SlhZMu9unVJgsBhxWCNYCyfPnxw3n/Z6SEKsqgt8iKQc4MA==}
    peerDependencies:
      '@effect/platform': ^0.92.0
      effect: ^3.18.0
      ioredis: ^5
      lmdb: ^3
    peerDependenciesMeta:
      ioredis:
        optional: true
      lmdb:
        optional: true

  '@effect/opentelemetry@0.58.0':
    resolution: {integrity: sha512-NKCk64lf2VbrTxpxWUgqWxk02j49u5sh2HD8YK0UPDOi62vmc12aBqdhEyPp+kpdZiw8VI8ZALkgYRG1tH08SQ==}
    peerDependencies:
      '@effect/platform': ^0.92.0
      '@opentelemetry/api': ^1.9
      '@opentelemetry/resources': ^2.0.0
      '@opentelemetry/sdk-logs': ^0.203.0
      '@opentelemetry/sdk-metrics': ^2.0.0
      '@opentelemetry/sdk-trace-base': ^2.0.0
      '@opentelemetry/sdk-trace-node': ^2.0.0
      '@opentelemetry/sdk-trace-web': ^2.0.0
      '@opentelemetry/semantic-conventions': ^1.33.0
      effect: ^3.18.0
    peerDependenciesMeta:
      '@opentelemetry/api':
        optional: true
      '@opentelemetry/resources':
        optional: true
      '@opentelemetry/sdk-logs':
        optional: true
      '@opentelemetry/sdk-metrics':
        optional: true
      '@opentelemetry/sdk-trace-base':
        optional: true
      '@opentelemetry/sdk-trace-node':
        optional: true
      '@opentelemetry/sdk-trace-web':
        optional: true

  '@effect/platform-browser@0.72.0':
    resolution: {integrity: sha512-xLlhR2S5yGo7//i8rTOiu1wCyrmrotXk+lK7Y257odxmQ2+HhV4wA2E+xFa0bFbHnqFCE3Yza9r0BkA3y1tgag==}
    peerDependencies:
      '@effect/platform': ^0.92.0
      effect: ^3.18.0

  '@effect/platform-bun@0.81.1':
    resolution: {integrity: sha512-wynPXDouKcmzBdWUK4QzaYTAULsNtr+LFX3fmpG+IV+YI4/sm63erPXjei09z+u5SJXavGACxiGnLvXjTQ2t7A==}
    peerDependencies:
      '@effect/cluster': ^0.50.3
      '@effect/platform': ^0.92.1
      '@effect/rpc': ^0.71.0
      '@effect/sql': ^0.46.0
      effect: ^3.18.1

  '@effect/platform-node-shared@0.51.6':
    resolution: {integrity: sha512-0Px0qpKR6vwoSuTbHPap9FOcUvt9MPLyYR6ZrskXJny4wZYHt9MfF0xR8a4MPbBaJ3UtGH9z74ijQw2cmzYxEg==}
    peerDependencies:
      '@effect/cluster': ^0.50.6
      '@effect/platform': ^0.92.1
      '@effect/rpc': ^0.71.1
      '@effect/sql': ^0.46.0
      effect: ^3.18.4

  '@effect/platform-node@0.98.4':
    resolution: {integrity: sha512-16tFBJtTP4hCjRd5p3SEQ7n+X3Sf/I0ovAhV1EWCJaro2gXV14orQ2cPtYFSaD1VdZmgEzbjnTN1CQBVgjRD/Q==}
    peerDependencies:
      '@effect/cluster': ^0.50.6
      '@effect/platform': ^0.92.1
      '@effect/rpc': ^0.71.1
      '@effect/sql': ^0.46.0
      effect: ^3.18.4

  '@effect/platform@0.92.1':
    resolution: {integrity: sha512-XXWCBVwyhaKZISN7aM1fv/3fWDGyxr84ObywnUrL8aHvJLoIeskWFAP/fqw3c5MFCrJ3ZV97RWLbv6JiBQugdg==}
    peerDependencies:
      effect: ^3.18.1

  '@effect/printer-ansi@0.46.0':
    resolution: {integrity: sha512-b+wCoCtmEF/Duobsid2N1JoGvZLiA9Fkcz1G1x/dhXVtsZqaGPa6jNYctopmzBhyuS53kK9XpqnFhEbF6+/5Ug==}
    peerDependencies:
      '@effect/typeclass': ^0.37.0
      effect: ^3.18.0

  '@effect/printer@0.46.0':
    resolution: {integrity: sha512-8RbuXDY9ND3M7klt2wCrx4gCDlfecH3bFJl8Co4UenRDiAMa0WoI8GKPqlNA3FonryNYgrMN0TDnk39Yp5GUbQ==}
    peerDependencies:
      '@effect/typeclass': ^0.37.0
      effect: ^3.18.0

  '@effect/rpc@0.71.2':
    resolution: {integrity: sha512-gWapP9wUDdg+HZe43PlckMURHN4WelJdai1Eeqw/jVUuO4YADJnPduNmdtFPIVe+RhDDs0q+LbrgEDWyO4K27g==}
    peerDependencies:
      '@effect/platform': ^0.92.1
      effect: ^3.18.5

  '@effect/sql@0.46.0':
    resolution: {integrity: sha512-nm9TuTTG7gLmJlIPkf71wA5lXArSvkpm1oYoIF+rhf01wef+1ujz9Mv1SfuzYbzsk7W9+OXUIRMxz/nSlKkiGQ==}
    peerDependencies:
      '@effect/experimental': ^0.56.0
      '@effect/platform': ^0.92.0
      effect: ^3.18.0

  '@effect/typeclass@0.37.0':
    resolution: {integrity: sha512-8PkVWx82gkavYYMDlRV80pM1Ss0dL84wabkho6JjaAuDr+gJKx87N0T6Z+UGroySslsfw1FW1dMibUPH1BXX1w==}
    peerDependencies:
      effect: ^3.18.0

  '@effect/workflow@0.11.5':
    resolution: {integrity: sha512-kdv0amQ/F1xTFeK3g/merYZiy31E5kLEoAafz+JZQDsVzShaL3DlRqG+HOZTUFUCeCDX/kSrvsHBRWRBofaLQQ==}
    peerDependencies:
      '@effect/platform': ^0.92.1
      '@effect/rpc': ^0.71.1
      effect: ^3.18.4

  '@livestore/common@file:../common':
    resolution: {directory: ../common, type: directory}

  '@livestore/livestore@file:../livestore':
    resolution: {directory: ../livestore, type: directory}

  '@livestore/utils@file:../utils':
    resolution: {directory: ../utils, type: directory}
    peerDependencies:
      '@effect/ai': ^0.29.0
      '@effect/cli': ^0.71.0
      '@effect/cluster': ^0.50.6
      '@effect/experimental': ^0.56.0
      '@effect/opentelemetry': ^0.58.0
      '@effect/platform': ^0.92.1
      '@effect/platform-browser': ^0.72.0
      '@effect/platform-bun': ^0.81.1
      '@effect/platform-node': ^0.98.4
      '@effect/printer': ^0.46.0
      '@effect/printer-ansi': ^0.46.0
      '@effect/rpc': ^0.71.1
      '@effect/sql': ^0.46.0
      '@effect/typeclass': ^0.37.0
      '@opentelemetry/api': ^1.9.0
      '@opentelemetry/resources': ^2.0.1
      effect: ^3.19.9

  '@livestore/webmesh@file:../webmesh':
    resolution: {directory: ../webmesh, type: directory}

  '@msgpackr-extract/msgpackr-extract-darwin-arm64@3.0.3':
    resolution: {integrity: sha512-QZHtlVgbAdy2zAqNA9Gu1UpIuI8Xvsd1v8ic6B2pZmeFnFcMWiPLfWXh7TVw4eGEZ/C9TH281KwhVoeQUKbyjw==}
    cpu: [arm64]
    os: [darwin]

  '@msgpackr-extract/msgpackr-extract-darwin-x64@3.0.3':
    resolution: {integrity: sha512-mdzd3AVzYKuUmiWOQ8GNhl64/IoFGol569zNRdkLReh6LRLHOXxU4U8eq0JwaD8iFHdVGqSy4IjFL4reoWCDFw==}
    cpu: [x64]
    os: [darwin]

  '@msgpackr-extract/msgpackr-extract-linux-arm64@3.0.3':
    resolution: {integrity: sha512-YxQL+ax0XqBJDZiKimS2XQaf+2wDGVa1enVRGzEvLLVFeqa5kx2bWbtcSXgsxjQB7nRqqIGFIcLteF/sHeVtQg==}
    cpu: [arm64]
    os: [linux]

  '@msgpackr-extract/msgpackr-extract-linux-arm@3.0.3':
    resolution: {integrity: sha512-fg0uy/dG/nZEXfYilKoRe7yALaNmHoYeIoJuJ7KJ+YyU2bvY8vPv27f7UKhGRpY6euFYqEVhxCFZgAUNQBM3nw==}
    cpu: [arm]
    os: [linux]

  '@msgpackr-extract/msgpackr-extract-linux-x64@3.0.3':
    resolution: {integrity: sha512-cvwNfbP07pKUfq1uH+S6KJ7dT9K8WOE4ZiAcsrSes+UY55E/0jLYc+vq+DO7jlmqRb5zAggExKm0H7O/CBaesg==}
    cpu: [x64]
    os: [linux]

  '@msgpackr-extract/msgpackr-extract-win32-x64@3.0.3':
    resolution: {integrity: sha512-x0fWaQtYp4E6sktbsdAqnehxDgEc/VwM7uLsRCYWaiGu0ykYdZPiS8zCWdnjHwyiumousxfBm4SO31eXqwEZhQ==}
    cpu: [x64]
    os: [win32]

  '@opentelemetry/api@1.9.0':
    resolution: {integrity: sha512-3giAOQvZiH5F9bMlMiv8+GSPMeqg0dbaeo58/0SlA9sxSqZhnUtxzX9/2FzyhS9sWQf5S0GJE0AKBrFqjpeYcg==}
    engines: {node: '>=8.0.0'}

  '@opentelemetry/core@2.5.0':
    resolution: {integrity: sha512-ka4H8OM6+DlUhSAZpONu0cPBtPPTQKxbxVzC4CzVx5+K4JnroJVBtDzLAMx4/3CDTJXRvVFhpFjtl4SaiTNoyQ==}
    engines: {node: ^18.19.0 || >=20.6.0}
    peerDependencies:
      '@opentelemetry/api': '>=1.0.0 <1.10.0'

  '@opentelemetry/resources@2.5.0':
    resolution: {integrity: sha512-F8W52ApePshpoSrfsSk1H2yJn9aKjCrbpQF1M9Qii0GHzbfVeFUB+rc3X4aggyZD8x9Gu3Slua+s6krmq6Dt8g==}
    engines: {node: ^18.19.0 || >=20.6.0}
    peerDependencies:
      '@opentelemetry/api': '>=1.3.0 <1.10.0'

  '@opentelemetry/semantic-conventions@1.39.0':
    resolution: {integrity: sha512-R5R9tb2AXs2IRLNKLBJDynhkfmx7mX0vi8NkhZb3gUkPWHn6HXk5J8iQ/dql0U3ApfWym4kXXmBDRGO+oeOfjg==}
    engines: {node: '>=14'}

  '@parcel/watcher-android-arm64@2.5.4':
    resolution: {integrity: sha512-hoh0vx4v+b3BNI7Cjoy2/B0ARqcwVNrzN/n7DLq9ZB4I3lrsvhrkCViJyfTj/Qi5xM9YFiH4AmHGK6pgH1ss7g==}
    engines: {node: '>= 10.0.0'}
    cpu: [arm64]
    os: [android]

  '@parcel/watcher-darwin-arm64@2.5.4':
    resolution: {integrity: sha512-kphKy377pZiWpAOyTgQYPE5/XEKVMaj6VUjKT5VkNyUJlr2qZAn8gIc7CPzx+kbhvqHDT9d7EqdOqRXT6vk0zw==}
    engines: {node: '>= 10.0.0'}
    cpu: [arm64]
    os: [darwin]

  '@parcel/watcher-darwin-x64@2.5.4':
    resolution: {integrity: sha512-UKaQFhCtNJW1A9YyVz3Ju7ydf6QgrpNQfRZ35wNKUhTQ3dxJ/3MULXN5JN/0Z80V/KUBDGa3RZaKq1EQT2a2gg==}
    engines: {node: '>= 10.0.0'}
    cpu: [x64]
    os: [darwin]

  '@parcel/watcher-freebsd-x64@2.5.4':
    resolution: {integrity: sha512-Dib0Wv3Ow/m2/ttvLdeI2DBXloO7t3Z0oCp4bAb2aqyqOjKPPGrg10pMJJAQ7tt8P4V2rwYwywkDhUia/FgS+Q==}
    engines: {node: '>= 10.0.0'}
    cpu: [x64]
    os: [freebsd]

  '@parcel/watcher-linux-arm-glibc@2.5.4':
    resolution: {integrity: sha512-I5Vb769pdf7Q7Sf4KNy8Pogl/URRCKu9ImMmnVKYayhynuyGYMzuI4UOWnegQNa2sGpsPSbzDsqbHNMyeyPCgw==}
    engines: {node: '>= 10.0.0'}
    cpu: [arm]
    os: [linux]

  '@parcel/watcher-linux-arm-musl@2.5.4':
    resolution: {integrity: sha512-kGO8RPvVrcAotV4QcWh8kZuHr9bXi9a3bSZw7kFarYR0+fGliU7hd/zevhjw8fnvIKG3J9EO5G6sXNGCSNMYPQ==}
    engines: {node: '>= 10.0.0'}
    cpu: [arm]
    os: [linux]

  '@parcel/watcher-linux-arm64-glibc@2.5.4':
    resolution: {integrity: sha512-KU75aooXhqGFY2W5/p8DYYHt4hrjHZod8AhcGAmhzPn/etTa+lYCDB2b1sJy3sWJ8ahFVTdy+EbqSBvMx3iFlw==}
    engines: {node: '>= 10.0.0'}
    cpu: [arm64]
    os: [linux]

  '@parcel/watcher-linux-arm64-musl@2.5.4':
    resolution: {integrity: sha512-Qx8uNiIekVutnzbVdrgSanM+cbpDD3boB1f8vMtnuG5Zau4/bdDbXyKwIn0ToqFhIuob73bcxV9NwRm04/hzHQ==}
    engines: {node: '>= 10.0.0'}
    cpu: [arm64]
    os: [linux]

  '@parcel/watcher-linux-x64-glibc@2.5.4':
    resolution: {integrity: sha512-UYBQvhYmgAv61LNUn24qGQdjtycFBKSK3EXr72DbJqX9aaLbtCOO8+1SkKhD/GNiJ97ExgcHBrukcYhVjrnogA==}
    engines: {node: '>= 10.0.0'}
    cpu: [x64]
    os: [linux]

  '@parcel/watcher-linux-x64-musl@2.5.4':
    resolution: {integrity: sha512-YoRWCVgxv8akZrMhdyVi6/TyoeeMkQ0PGGOf2E4omODrvd1wxniXP+DBynKoHryStks7l+fDAMUBRzqNHrVOpg==}
    engines: {node: '>= 10.0.0'}
    cpu: [x64]
    os: [linux]

  '@parcel/watcher-win32-arm64@2.5.4':
    resolution: {integrity: sha512-iby+D/YNXWkiQNYcIhg8P5hSjzXEHaQrk2SLrWOUD7VeC4Ohu0WQvmV+HDJokZVJ2UjJ4AGXW3bx7Lls9Ln4TQ==}
    engines: {node: '>= 10.0.0'}
    cpu: [arm64]
    os: [win32]

  '@parcel/watcher-win32-ia32@2.5.4':
    resolution: {integrity: sha512-vQN+KIReG0a2ZDpVv8cgddlf67J8hk1WfZMMP7sMeZmJRSmEax5xNDNWKdgqSe2brOKTQQAs3aCCUal2qBHAyg==}
    engines: {node: '>= 10.0.0'}
    cpu: [ia32]
    os: [win32]

  '@parcel/watcher-win32-x64@2.5.4':
    resolution: {integrity: sha512-3A6efb6BOKwyw7yk9ro2vus2YTt2nvcd56AuzxdMiVOxL9umDyN5PKkKfZ/gZ9row41SjVmTVQNWQhaRRGpOKw==}
    engines: {node: '>= 10.0.0'}
    cpu: [x64]
    os: [win32]

  '@parcel/watcher@2.5.4':
    resolution: {integrity: sha512-WYa2tUVV5HiArWPB3ydlOc4R2ivq0IDrlqhMi3l7mVsFEXNcTfxYFPIHXHXIh/ca/y/V5N4E1zecyxdIBjYnkQ==}
    engines: {node: '>= 10.0.0'}

  '@standard-schema/spec@1.0.0':
    resolution: {integrity: sha512-m2bOd0f2RT9k8QJx1JN85cZYyH1RqFBdlwtkSlf4tBDYLCiiZnv1fIIwacK6cqwXavOydf0NPToMQgpKq+dVlA==}

  '@standard-schema/spec@1.1.0':
    resolution: {integrity: sha512-l2aFy5jALhniG5HgqrD6jXLi/rUWrKvqN/qJx6yoJsgKhblVd+iqqU4RCXavm/jPityDo5TCvKMnpjKnOriy0w==}

  detect-libc@2.1.2:
    resolution: {integrity: sha512-Btj2BOOO83o3WyH59e8MgXsxEQVcarkUOpEYrubB0urwnN10yQ364rsiByU11nZlqWYZm05i/of7io4mzihBtQ==}
    engines: {node: '>=8'}

  effect@3.19.14:
    resolution: {integrity: sha512-3vwdq0zlvQOxXzXNKRIPKTqZNMyGCdaFUBfMPqpsyzZDre67kgC1EEHDV4EoQTovJ4w5fmJW756f86kkuz7WFA==}

  fast-check@3.23.2:
    resolution: {integrity: sha512-h5+1OzzfCC3Ef7VbtKdcv7zsstUQwUDlYpUTvjeUsJAssPgLn7QzbboPtL5ro04Mq0rPOsMzl7q5hIbRs2wD1A==}
    engines: {node: '>=8.0.0'}

  find-my-way-ts@0.1.6:
    resolution: {integrity: sha512-a85L9ZoXtNAey3Y6Z+eBWW658kO/MwR7zIafkIUPUMf3isZG0NCs2pjW2wtjxAKuJPxMAsHUIP4ZPGv0o5gyTA==}

  ini@4.1.3:
    resolution: {integrity: sha512-X7rqawQBvfdjS10YU1y1YVreA3SsLrW9dX2CewP2EbBJM4ypVNLDkO5y04gejPwKIY9lR+7r9gn3rFPt/kmWFg==}
    engines: {node: ^14.17.0 || ^16.13.0 || >=18.0.0}

  is-extglob@2.1.1:
    resolution: {integrity: sha512-SbKbANkN603Vi4jEZv49LeVJMn4yGwsbzZworEoyEiutsN3nJYdbO36zfhGJ6QEDpOZIFkDtnq5JRxmvl3jsoQ==}
    engines: {node: '>=0.10.0'}

  is-glob@4.0.3:
    resolution: {integrity: sha512-xelSayHH36ZgE7ZWhli7pW34hNbNl8Ojv5KVmkJD4hBdD3th8Tfk9vYasLM+mXWOZhFkgZfxhLSnrwRr4elSSg==}
    engines: {node: '>=0.10.0'}

  mime@3.0.0:
    resolution: {integrity: sha512-jSCU7/VB1loIWBZe14aEYHU/+1UMEHoaO7qxCOVJOw9GgH72VAWppxNcjU+x9a2k3GSIBXNKxXQFqRvvZ7vr3A==}
    engines: {node: '>=10.0.0'}
    hasBin: true

  msgpackr-extract@3.0.3:
    resolution: {integrity: sha512-P0efT1C9jIdVRefqjzOQ9Xml57zpOXnIuS+csaB4MdZbTdmGDLo8XhzBG1N7aO11gKDDkJvBLULeFTo46wwreA==}
    hasBin: true

  msgpackr@1.11.8:
    resolution: {integrity: sha512-bC4UGzHhVvgDNS7kn9tV8fAucIYUBuGojcaLiz7v+P63Lmtm0Xeji8B/8tYKddALXxJLpwIeBmUN3u64C4YkRA==}

  multipasta@0.2.7:
    resolution: {integrity: sha512-KPA58d68KgGil15oDqXjkUBEBYc00XvbPj5/X+dyzeo/lWm9Nc25pQRlf1D+gv4OpK7NM0J1odrbu9JNNGvynA==}

  nanoid@5.0.9:
    resolution: {integrity: sha512-Aooyr6MXU6HpvvWXKoVoXwKMs/KyVakWwg7xQfv5/S/RIgJMy0Ifa45H9qqYy7pTCszrHzP21Uk4PZq2HpEM8Q==}
    engines: {node: ^18 || >=20}
    hasBin: true

  node-addon-api@7.1.1:
    resolution: {integrity: sha512-5m3bsyrjFWE1xf7nz7YXdN4udnVtXK6/Yfgn5qnahL6bCkf2yKt4k3nuTKAtT4r3IG8JNR2ncsIMdZuAzJjHQQ==}

  node-gyp-build-optional-packages@5.2.2:
    resolution: {integrity: sha512-s+w+rBWnpTMwSFbaE0UXsRlg7hU4FjekKU4eyAih5T8nJuNZT1nNsskXpxmeqSK9UzkBl6UgRlnKc8hz8IEqOw==}
    hasBin: true

  picomatch@4.0.3:
    resolution: {integrity: sha512-5gTmgEY/sqK6gFXLIsQNH19lWb4ebPDLA4SdLP7dsWkIXHWlG66oPuVvXSGFPppYZz8ZDZq0dYYrbHfBCVUb1Q==}
    engines: {node: '>=12'}

  pretty-bytes@7.0.1:
    resolution: {integrity: sha512-285/jRCYIbMGDciDdrw0KPNC4LKEEwz/bwErcYNxSJOi4CpGUuLpb9gQpg3XJP0XYj9ldSRluXxih4lX2YN8Xw==}
    engines: {node: '>=20'}

  pure-rand@6.1.0:
    resolution: {integrity: sha512-bVWawvoZoBYpp6yIoQtQXHZjmz35RSVHnUOTefl8Vcjr8snTPY1wnpSPMWekcFwbxI6gtmT7rSYPFvz71ldiOA==}

  qrcode-generator@1.4.4:
    resolution: {integrity: sha512-HM7yY8O2ilqhmULxGMpcHSF1EhJJ9yBj8gvDEuZ6M+KGJ0YY2hKpnXvRD+hZPLrDVck3ExIGhmPtSdcjC+guuw==}

  toml@3.0.0:
    resolution: {integrity: sha512-y/mWCZinnvxjTKYhJ+pYxwD0mRLVvOtdS2Awbgxln6iEnt4rk0yBxeSBHkGJcPucRiG0e55mwWp+g/05rsrd6w==}

  undici@7.19.0:
    resolution: {integrity: sha512-Heho1hJD81YChi+uS2RkSjcVO+EQLmLSyUlHyp7Y/wFbxQaGb4WXVKD073JytrjXJVkSZVzoE2MCSOKugFGtOQ==}
    engines: {node: '>=20.18.1'}

  uuid@11.1.0:
    resolution: {integrity: sha512-0/A9rDy9P7cJ+8w1c9WD9V//9Wj15Ce2MPz8Ri6032usz+NfePxx5AcN3bN+r6ZL6jEo066/yNYB3tn4pQEx+A==}
    hasBin: true

  ws@8.19.0:
    resolution: {integrity: sha512-blAT2mjOEIi0ZzruJfIhb3nps74PRWTCz1IjglWEEpQl5XS/UNama6u2/rjFkDDouqr4L67ry+1aGIALViWjDg==}
    engines: {node: '>=10.0.0'}
    peerDependencies:
      bufferutil: ^4.0.1
      utf-8-validate: '>=5.0.2'
    peerDependenciesMeta:
      bufferutil:
        optional: true
      utf-8-validate:
        optional: true

  yaml@2.8.2:
    resolution: {integrity: sha512-mplynKqc1C2hTVYxd0PU2xQAc22TI1vShAYGksCCfxbn/dFwnHTNi1bvYsBTkhdUNtGIf5xNOg938rrSSYvS9A==}
    engines: {node: '>= 14.6'}
    hasBin: true

snapshots:

  '@effect/ai@0.29.1(@effect/experimental@0.56.0(@effect/platform@0.92.1(effect@3.19.14))(effect@3.19.14))(@effect/platform@0.92.1(effect@3.19.14))(@effect/rpc@0.71.2(@effect/platform@0.92.1(effect@3.19.14))(effect@3.19.14))(effect@3.19.14)':
    dependencies:
      '@effect/experimental': 0.56.0(@effect/platform@0.92.1(effect@3.19.14))(effect@3.19.14)
      '@effect/platform': 0.92.1(effect@3.19.14)
      '@effect/rpc': 0.71.2(@effect/platform@0.92.1(effect@3.19.14))(effect@3.19.14)
      effect: 3.19.14
      find-my-way-ts: 0.1.6

  '@effect/cli@0.71.0(@effect/platform@0.92.1(effect@3.19.14))(@effect/printer-ansi@0.46.0(@effect/typeclass@0.37.0(effect@3.19.14))(effect@3.19.14))(@effect/printer@0.46.0(@effect/typeclass@0.37.0(effect@3.19.14))(effect@3.19.14))(effect@3.19.14)':
    dependencies:
      '@effect/platform': 0.92.1(effect@3.19.14)
      '@effect/printer': 0.46.0(@effect/typeclass@0.37.0(effect@3.19.14))(effect@3.19.14)
      '@effect/printer-ansi': 0.46.0(@effect/typeclass@0.37.0(effect@3.19.14))(effect@3.19.14)
      effect: 3.19.14
      ini: 4.1.3
      toml: 3.0.0
      yaml: 2.8.2

  '@effect/cluster@0.50.6(@effect/platform@0.92.1(effect@3.19.14))(@effect/rpc@0.71.2(@effect/platform@0.92.1(effect@3.19.14))(effect@3.19.14))(@effect/sql@0.46.0(@effect/experimental@0.56.0(@effect/platform@0.92.1(effect@3.19.14))(effect@3.19.14))(@effect/platform@0.92.1(effect@3.19.14))(effect@3.19.14))(@effect/workflow@0.11.5(@effect/platform@0.92.1(effect@3.19.14))(@effect/rpc@0.71.2(@effect/platform@0.92.1(effect@3.19.14))(effect@3.19.14))(effect@3.19.14))(effect@3.19.14)':
    dependencies:
      '@effect/platform': 0.92.1(effect@3.19.14)
      '@effect/rpc': 0.71.2(@effect/platform@0.92.1(effect@3.19.14))(effect@3.19.14)
      '@effect/sql': 0.46.0(@effect/experimental@0.56.0(@effect/platform@0.92.1(effect@3.19.14))(effect@3.19.14))(@effect/platform@0.92.1(effect@3.19.14))(effect@3.19.14)
      '@effect/workflow': 0.11.5(@effect/platform@0.92.1(effect@3.19.14))(@effect/rpc@0.71.2(@effect/platform@0.92.1(effect@3.19.14))(effect@3.19.14))(effect@3.19.14)
      effect: 3.19.14

  '@effect/experimental@0.56.0(@effect/platform@0.92.1(effect@3.19.14))(effect@3.19.14)':
    dependencies:
      '@effect/platform': 0.92.1(effect@3.19.14)
      effect: 3.19.14
      uuid: 11.1.0

  '@effect/opentelemetry@0.58.0(@effect/platform@0.92.1(effect@3.19.14))(@opentelemetry/api@1.9.0)(@opentelemetry/resources@2.5.0(@opentelemetry/api@1.9.0))(@opentelemetry/semantic-conventions@1.39.0)(effect@3.19.14)':
    dependencies:
      '@effect/platform': 0.92.1(effect@3.19.14)
      '@opentelemetry/semantic-conventions': 1.39.0
      effect: 3.19.14
    optionalDependencies:
      '@opentelemetry/api': 1.9.0
      '@opentelemetry/resources': 2.5.0(@opentelemetry/api@1.9.0)

  '@effect/platform-browser@0.72.0(@effect/platform@0.92.1(effect@3.19.14))(effect@3.19.14)':
    dependencies:
      '@effect/platform': 0.92.1(effect@3.19.14)
      effect: 3.19.14
      multipasta: 0.2.7

  '@effect/platform-bun@0.81.1(@effect/cluster@0.50.6(@effect/platform@0.92.1(effect@3.19.14))(@effect/rpc@0.71.2(@effect/platform@0.92.1(effect@3.19.14))(effect@3.19.14))(@effect/sql@0.46.0(@effect/experimental@0.56.0(@effect/platform@0.92.1(effect@3.19.14))(effect@3.19.14))(@effect/platform@0.92.1(effect@3.19.14))(effect@3.19.14))(@effect/workflow@0.11.5(@effect/platform@0.92.1(effect@3.19.14))(@effect/rpc@0.71.2(@effect/platform@0.92.1(effect@3.19.14))(effect@3.19.14))(effect@3.19.14))(effect@3.19.14))(@effect/platform@0.92.1(effect@3.19.14))(@effect/rpc@0.71.2(@effect/platform@0.92.1(effect@3.19.14))(effect@3.19.14))(@effect/sql@0.46.0(@effect/experimental@0.56.0(@effect/platform@0.92.1(effect@3.19.14))(effect@3.19.14))(@effect/platform@0.92.1(effect@3.19.14))(effect@3.19.14))(effect@3.19.14)':
    dependencies:
      '@effect/cluster': 0.50.6(@effect/platform@0.92.1(effect@3.19.14))(@effect/rpc@0.71.2(@effect/platform@0.92.1(effect@3.19.14))(effect@3.19.14))(@effect/sql@0.46.0(@effect/experimental@0.56.0(@effect/platform@0.92.1(effect@3.19.14))(effect@3.19.14))(@effect/platform@0.92.1(effect@3.19.14))(effect@3.19.14))(@effect/workflow@0.11.5(@effect/platform@0.92.1(effect@3.19.14))(@effect/rpc@0.71.2(@effect/platform@0.92.1(effect@3.19.14))(effect@3.19.14))(effect@3.19.14))(effect@3.19.14)
      '@effect/platform': 0.92.1(effect@3.19.14)
      '@effect/platform-node-shared': 0.51.6(@effect/cluster@0.50.6(@effect/platform@0.92.1(effect@3.19.14))(@effect/rpc@0.71.2(@effect/platform@0.92.1(effect@3.19.14))(effect@3.19.14))(@effect/sql@0.46.0(@effect/experimental@0.56.0(@effect/platform@0.92.1(effect@3.19.14))(effect@3.19.14))(@effect/platform@0.92.1(effect@3.19.14))(effect@3.19.14))(@effect/workflow@0.11.5(@effect/platform@0.92.1(effect@3.19.14))(@effect/rpc@0.71.2(@effect/platform@0.92.1(effect@3.19.14))(effect@3.19.14))(effect@3.19.14))(effect@3.19.14))(@effect/platform@0.92.1(effect@3.19.14))(@effect/rpc@0.71.2(@effect/platform@0.92.1(effect@3.19.14))(effect@3.19.14))(@effect/sql@0.46.0(@effect/experimental@0.56.0(@effect/platform@0.92.1(effect@3.19.14))(effect@3.19.14))(@effect/platform@0.92.1(effect@3.19.14))(effect@3.19.14))(effect@3.19.14)
      '@effect/rpc': 0.71.2(@effect/platform@0.92.1(effect@3.19.14))(effect@3.19.14)
      '@effect/sql': 0.46.0(@effect/experimental@0.56.0(@effect/platform@0.92.1(effect@3.19.14))(effect@3.19.14))(@effect/platform@0.92.1(effect@3.19.14))(effect@3.19.14)
      effect: 3.19.14
      multipasta: 0.2.7
    transitivePeerDependencies:
      - bufferutil
      - utf-8-validate

  '@effect/platform-node-shared@0.51.6(@effect/cluster@0.50.6(@effect/platform@0.92.1(effect@3.19.14))(@effect/rpc@0.71.2(@effect/platform@0.92.1(effect@3.19.14))(effect@3.19.14))(@effect/sql@0.46.0(@effect/experimental@0.56.0(@effect/platform@0.92.1(effect@3.19.14))(effect@3.19.14))(@effect/platform@0.92.1(effect@3.19.14))(effect@3.19.14))(@effect/workflow@0.11.5(@effect/platform@0.92.1(effect@3.19.14))(@effect/rpc@0.71.2(@effect/platform@0.92.1(effect@3.19.14))(effect@3.19.14))(effect@3.19.14))(effect@3.19.14))(@effect/platform@0.92.1(effect@3.19.14))(@effect/rpc@0.71.2(@effect/platform@0.92.1(effect@3.19.14))(effect@3.19.14))(@effect/sql@0.46.0(@effect/experimental@0.56.0(@effect/platform@0.92.1(effect@3.19.14))(effect@3.19.14))(@effect/platform@0.92.1(effect@3.19.14))(effect@3.19.14))(effect@3.19.14)':
    dependencies:
      '@effect/cluster': 0.50.6(@effect/platform@0.92.1(effect@3.19.14))(@effect/rpc@0.71.2(@effect/platform@0.92.1(effect@3.19.14))(effect@3.19.14))(@effect/sql@0.46.0(@effect/experimental@0.56.0(@effect/platform@0.92.1(effect@3.19.14))(effect@3.19.14))(@effect/platform@0.92.1(effect@3.19.14))(effect@3.19.14))(@effect/workflow@0.11.5(@effect/platform@0.92.1(effect@3.19.14))(@effect/rpc@0.71.2(@effect/platform@0.92.1(effect@3.19.14))(effect@3.19.14))(effect@3.19.14))(effect@3.19.14)
      '@effect/platform': 0.92.1(effect@3.19.14)
      '@effect/rpc': 0.71.2(@effect/platform@0.92.1(effect@3.19.14))(effect@3.19.14)
      '@effect/sql': 0.46.0(@effect/experimental@0.56.0(@effect/platform@0.92.1(effect@3.19.14))(effect@3.19.14))(@effect/platform@0.92.1(effect@3.19.14))(effect@3.19.14)
      '@parcel/watcher': 2.5.4
      effect: 3.19.14
      multipasta: 0.2.7
      ws: 8.19.0
    transitivePeerDependencies:
      - bufferutil
      - utf-8-validate

  '@effect/platform-node@0.98.4(@effect/cluster@0.50.6(@effect/platform@0.92.1(effect@3.19.14))(@effect/rpc@0.71.2(@effect/platform@0.92.1(effect@3.19.14))(effect@3.19.14))(@effect/sql@0.46.0(@effect/experimental@0.56.0(@effect/platform@0.92.1(effect@3.19.14))(effect@3.19.14))(@effect/platform@0.92.1(effect@3.19.14))(effect@3.19.14))(@effect/workflow@0.11.5(@effect/platform@0.92.1(effect@3.19.14))(@effect/rpc@0.71.2(@effect/platform@0.92.1(effect@3.19.14))(effect@3.19.14))(effect@3.19.14))(effect@3.19.14))(@effect/platform@0.92.1(effect@3.19.14))(@effect/rpc@0.71.2(@effect/platform@0.92.1(effect@3.19.14))(effect@3.19.14))(@effect/sql@0.46.0(@effect/experimental@0.56.0(@effect/platform@0.92.1(effect@3.19.14))(effect@3.19.14))(@effect/platform@0.92.1(effect@3.19.14))(effect@3.19.14))(effect@3.19.14)':
    dependencies:
      '@effect/cluster': 0.50.6(@effect/platform@0.92.1(effect@3.19.14))(@effect/rpc@0.71.2(@effect/platform@0.92.1(effect@3.19.14))(effect@3.19.14))(@effect/sql@0.46.0(@effect/experimental@0.56.0(@effect/platform@0.92.1(effect@3.19.14))(effect@3.19.14))(@effect/platform@0.92.1(effect@3.19.14))(effect@3.19.14))(@effect/workflow@0.11.5(@effect/platform@0.92.1(effect@3.19.14))(@effect/rpc@0.71.2(@effect/platform@0.92.1(effect@3.19.14))(effect@3.19.14))(effect@3.19.14))(effect@3.19.14)
      '@effect/platform': 0.92.1(effect@3.19.14)
      '@effect/platform-node-shared': 0.51.6(@effect/cluster@0.50.6(@effect/platform@0.92.1(effect@3.19.14))(@effect/rpc@0.71.2(@effect/platform@0.92.1(effect@3.19.14))(effect@3.19.14))(@effect/sql@0.46.0(@effect/experimental@0.56.0(@effect/platform@0.92.1(effect@3.19.14))(effect@3.19.14))(@effect/platform@0.92.1(effect@3.19.14))(effect@3.19.14))(@effect/workflow@0.11.5(@effect/platform@0.92.1(effect@3.19.14))(@effect/rpc@0.71.2(@effect/platform@0.92.1(effect@3.19.14))(effect@3.19.14))(effect@3.19.14))(effect@3.19.14))(@effect/platform@0.92.1(effect@3.19.14))(@effect/rpc@0.71.2(@effect/platform@0.92.1(effect@3.19.14))(effect@3.19.14))(@effect/sql@0.46.0(@effect/experimental@0.56.0(@effect/platform@0.92.1(effect@3.19.14))(effect@3.19.14))(@effect/platform@0.92.1(effect@3.19.14))(effect@3.19.14))(effect@3.19.14)
      '@effect/rpc': 0.71.2(@effect/platform@0.92.1(effect@3.19.14))(effect@3.19.14)
      '@effect/sql': 0.46.0(@effect/experimental@0.56.0(@effect/platform@0.92.1(effect@3.19.14))(effect@3.19.14))(@effect/platform@0.92.1(effect@3.19.14))(effect@3.19.14)
      effect: 3.19.14
      mime: 3.0.0
      undici: 7.19.0
      ws: 8.19.0
    transitivePeerDependencies:
      - bufferutil
      - utf-8-validate

  '@effect/platform@0.92.1(effect@3.19.14)':
    dependencies:
      effect: 3.19.14
      find-my-way-ts: 0.1.6
      msgpackr: 1.11.8
      multipasta: 0.2.7

  '@effect/printer-ansi@0.46.0(@effect/typeclass@0.37.0(effect@3.19.14))(effect@3.19.14)':
    dependencies:
      '@effect/printer': 0.46.0(@effect/typeclass@0.37.0(effect@3.19.14))(effect@3.19.14)
      '@effect/typeclass': 0.37.0(effect@3.19.14)
      effect: 3.19.14

  '@effect/printer@0.46.0(@effect/typeclass@0.37.0(effect@3.19.14))(effect@3.19.14)':
    dependencies:
      '@effect/typeclass': 0.37.0(effect@3.19.14)
      effect: 3.19.14

  '@effect/rpc@0.71.2(@effect/platform@0.92.1(effect@3.19.14))(effect@3.19.14)':
    dependencies:
      '@effect/platform': 0.92.1(effect@3.19.14)
      effect: 3.19.14
      msgpackr: 1.11.8

  '@effect/sql@0.46.0(@effect/experimental@0.56.0(@effect/platform@0.92.1(effect@3.19.14))(effect@3.19.14))(@effect/platform@0.92.1(effect@3.19.14))(effect@3.19.14)':
    dependencies:
      '@effect/experimental': 0.56.0(@effect/platform@0.92.1(effect@3.19.14))(effect@3.19.14)
      '@effect/platform': 0.92.1(effect@3.19.14)
      effect: 3.19.14
      uuid: 11.1.0

  '@effect/typeclass@0.37.0(effect@3.19.14)':
    dependencies:
      effect: 3.19.14

  '@effect/workflow@0.11.5(@effect/platform@0.92.1(effect@3.19.14))(@effect/rpc@0.71.2(@effect/platform@0.92.1(effect@3.19.14))(effect@3.19.14))(effect@3.19.14)':
    dependencies:
      '@effect/platform': 0.92.1(effect@3.19.14)
      '@effect/rpc': 0.71.2(@effect/platform@0.92.1(effect@3.19.14))(effect@3.19.14)
      effect: 3.19.14

  '@livestore/common@file:../common(4b4e01ec0a855c763c362c953f7439ca)':
    dependencies:
      '@livestore/utils': file:../utils(4ef0737add8802666726719a408c8a66)
      '@livestore/webmesh': file:../webmesh(4ef0737add8802666726719a408c8a66)
      '@opentelemetry/api': 1.9.0
    transitivePeerDependencies:
      - '@effect/ai'
      - '@effect/cli'
      - '@effect/cluster'
      - '@effect/experimental'
      - '@effect/opentelemetry'
      - '@effect/platform'
      - '@effect/platform-browser'
      - '@effect/platform-bun'
      - '@effect/platform-node'
      - '@effect/printer'
      - '@effect/printer-ansi'
      - '@effect/rpc'
      - '@effect/sql'
      - '@effect/typeclass'
      - '@opentelemetry/resources'
      - effect

  '@livestore/livestore@file:../livestore(4b4e01ec0a855c763c362c953f7439ca)':
    dependencies:
      '@livestore/common': file:../common(4b4e01ec0a855c763c362c953f7439ca)
      '@livestore/utils': file:../utils(4ef0737add8802666726719a408c8a66)
      '@opentelemetry/api': 1.9.0
    transitivePeerDependencies:
      - '@effect/ai'
      - '@effect/cli'
      - '@effect/cluster'
      - '@effect/experimental'
      - '@effect/opentelemetry'
      - '@effect/platform'
      - '@effect/platform-browser'
      - '@effect/platform-bun'
      - '@effect/platform-node'
      - '@effect/printer'
      - '@effect/printer-ansi'
      - '@effect/rpc'
      - '@effect/sql'
      - '@effect/typeclass'
      - '@opentelemetry/resources'
      - effect

  '@livestore/utils@file:../utils(4ef0737add8802666726719a408c8a66)':
    dependencies:
      '@effect/ai': 0.29.1(@effect/experimental@0.56.0(@effect/platform@0.92.1(effect@3.19.14))(effect@3.19.14))(@effect/platform@0.92.1(effect@3.19.14))(@effect/rpc@0.71.2(@effect/platform@0.92.1(effect@3.19.14))(effect@3.19.14))(effect@3.19.14)
      '@effect/cli': 0.71.0(@effect/platform@0.92.1(effect@3.19.14))(@effect/printer-ansi@0.46.0(@effect/typeclass@0.37.0(effect@3.19.14))(effect@3.19.14))(@effect/printer@0.46.0(@effect/typeclass@0.37.0(effect@3.19.14))(effect@3.19.14))(effect@3.19.14)
      '@effect/cluster': 0.50.6(@effect/platform@0.92.1(effect@3.19.14))(@effect/rpc@0.71.2(@effect/platform@0.92.1(effect@3.19.14))(effect@3.19.14))(@effect/sql@0.46.0(@effect/experimental@0.56.0(@effect/platform@0.92.1(effect@3.19.14))(effect@3.19.14))(@effect/platform@0.92.1(effect@3.19.14))(effect@3.19.14))(@effect/workflow@0.11.5(@effect/platform@0.92.1(effect@3.19.14))(@effect/rpc@0.71.2(@effect/platform@0.92.1(effect@3.19.14))(effect@3.19.14))(effect@3.19.14))(effect@3.19.14)
      '@effect/experimental': 0.56.0(@effect/platform@0.92.1(effect@3.19.14))(effect@3.19.14)
      '@effect/opentelemetry': 0.58.0(@effect/platform@0.92.1(effect@3.19.14))(@opentelemetry/api@1.9.0)(@opentelemetry/resources@2.5.0(@opentelemetry/api@1.9.0))(@opentelemetry/semantic-conventions@1.39.0)(effect@3.19.14)
      '@effect/platform': 0.92.1(effect@3.19.14)
      '@effect/platform-browser': 0.72.0(@effect/platform@0.92.1(effect@3.19.14))(effect@3.19.14)
      '@effect/platform-bun': 0.81.1(@effect/cluster@0.50.6(@effect/platform@0.92.1(effect@3.19.14))(@effect/rpc@0.71.2(@effect/platform@0.92.1(effect@3.19.14))(effect@3.19.14))(@effect/sql@0.46.0(@effect/experimental@0.56.0(@effect/platform@0.92.1(effect@3.19.14))(effect@3.19.14))(@effect/platform@0.92.1(effect@3.19.14))(effect@3.19.14))(@effect/workflow@0.11.5(@effect/platform@0.92.1(effect@3.19.14))(@effect/rpc@0.71.2(@effect/platform@0.92.1(effect@3.19.14))(effect@3.19.14))(effect@3.19.14))(effect@3.19.14))(@effect/platform@0.92.1(effect@3.19.14))(@effect/rpc@0.71.2(@effect/platform@0.92.1(effect@3.19.14))(effect@3.19.14))(@effect/sql@0.46.0(@effect/experimental@0.56.0(@effect/platform@0.92.1(effect@3.19.14))(effect@3.19.14))(@effect/platform@0.92.1(effect@3.19.14))(effect@3.19.14))(effect@3.19.14)
      '@effect/platform-node': 0.98.4(@effect/cluster@0.50.6(@effect/platform@0.92.1(effect@3.19.14))(@effect/rpc@0.71.2(@effect/platform@0.92.1(effect@3.19.14))(effect@3.19.14))(@effect/sql@0.46.0(@effect/experimental@0.56.0(@effect/platform@0.92.1(effect@3.19.14))(effect@3.19.14))(@effect/platform@0.92.1(effect@3.19.14))(effect@3.19.14))(@effect/workflow@0.11.5(@effect/platform@0.92.1(effect@3.19.14))(@effect/rpc@0.71.2(@effect/platform@0.92.1(effect@3.19.14))(effect@3.19.14))(effect@3.19.14))(effect@3.19.14))(@effect/platform@0.92.1(effect@3.19.14))(@effect/rpc@0.71.2(@effect/platform@0.92.1(effect@3.19.14))(effect@3.19.14))(@effect/sql@0.46.0(@effect/experimental@0.56.0(@effect/platform@0.92.1(effect@3.19.14))(effect@3.19.14))(@effect/platform@0.92.1(effect@3.19.14))(effect@3.19.14))(effect@3.19.14)
      '@effect/printer': 0.46.0(@effect/typeclass@0.37.0(effect@3.19.14))(effect@3.19.14)
      '@effect/printer-ansi': 0.46.0(@effect/typeclass@0.37.0(effect@3.19.14))(effect@3.19.14)
      '@effect/rpc': 0.71.2(@effect/platform@0.92.1(effect@3.19.14))(effect@3.19.14)
      '@effect/sql': 0.46.0(@effect/experimental@0.56.0(@effect/platform@0.92.1(effect@3.19.14))(effect@3.19.14))(@effect/platform@0.92.1(effect@3.19.14))(effect@3.19.14)
      '@effect/typeclass': 0.37.0(effect@3.19.14)
      '@opentelemetry/api': 1.9.0
      '@opentelemetry/resources': 2.5.0(@opentelemetry/api@1.9.0)
      '@standard-schema/spec': 1.0.0
      effect: 3.19.14
      nanoid: 5.0.9
      pretty-bytes: 7.0.1
      qrcode-generator: 1.4.4

  '@livestore/webmesh@file:../webmesh(4ef0737add8802666726719a408c8a66)':
    dependencies:
      '@livestore/utils': file:../utils(4ef0737add8802666726719a408c8a66)
    transitivePeerDependencies:
      - '@effect/ai'
      - '@effect/cli'
      - '@effect/cluster'
      - '@effect/experimental'
      - '@effect/opentelemetry'
      - '@effect/platform'
      - '@effect/platform-browser'
      - '@effect/platform-bun'
      - '@effect/platform-node'
      - '@effect/printer'
      - '@effect/printer-ansi'
      - '@effect/rpc'
      - '@effect/sql'
      - '@effect/typeclass'
      - '@opentelemetry/api'
      - '@opentelemetry/resources'
      - effect

  '@msgpackr-extract/msgpackr-extract-darwin-arm64@3.0.3':
    optional: true

  '@msgpackr-extract/msgpackr-extract-darwin-x64@3.0.3':
    optional: true

  '@msgpackr-extract/msgpackr-extract-linux-arm64@3.0.3':
    optional: true

  '@msgpackr-extract/msgpackr-extract-linux-arm@3.0.3':
    optional: true

  '@msgpackr-extract/msgpackr-extract-linux-x64@3.0.3':
    optional: true

  '@msgpackr-extract/msgpackr-extract-win32-x64@3.0.3':
    optional: true

  '@opentelemetry/api@1.9.0': {}

  '@opentelemetry/core@2.5.0(@opentelemetry/api@1.9.0)':
    dependencies:
      '@opentelemetry/api': 1.9.0
      '@opentelemetry/semantic-conventions': 1.39.0

  '@opentelemetry/resources@2.5.0(@opentelemetry/api@1.9.0)':
    dependencies:
      '@opentelemetry/api': 1.9.0
      '@opentelemetry/core': 2.5.0(@opentelemetry/api@1.9.0)
      '@opentelemetry/semantic-conventions': 1.39.0

  '@opentelemetry/semantic-conventions@1.39.0': {}

  '@parcel/watcher-android-arm64@2.5.4':
    optional: true

  '@parcel/watcher-darwin-arm64@2.5.4':
    optional: true

  '@parcel/watcher-darwin-x64@2.5.4':
    optional: true

  '@parcel/watcher-freebsd-x64@2.5.4':
    optional: true

  '@parcel/watcher-linux-arm-glibc@2.5.4':
    optional: true

  '@parcel/watcher-linux-arm-musl@2.5.4':
    optional: true

  '@parcel/watcher-linux-arm64-glibc@2.5.4':
    optional: true

  '@parcel/watcher-linux-arm64-musl@2.5.4':
    optional: true

  '@parcel/watcher-linux-x64-glibc@2.5.4':
    optional: true

  '@parcel/watcher-linux-x64-musl@2.5.4':
    optional: true

  '@parcel/watcher-win32-arm64@2.5.4':
    optional: true

  '@parcel/watcher-win32-ia32@2.5.4':
    optional: true

  '@parcel/watcher-win32-x64@2.5.4':
    optional: true

  '@parcel/watcher@2.5.4':
    dependencies:
      detect-libc: 2.1.2
      is-glob: 4.0.3
      node-addon-api: 7.1.1
      picomatch: 4.0.3
    optionalDependencies:
      '@parcel/watcher-android-arm64': 2.5.4
      '@parcel/watcher-darwin-arm64': 2.5.4
      '@parcel/watcher-darwin-x64': 2.5.4
      '@parcel/watcher-freebsd-x64': 2.5.4
      '@parcel/watcher-linux-arm-glibc': 2.5.4
      '@parcel/watcher-linux-arm-musl': 2.5.4
      '@parcel/watcher-linux-arm64-glibc': 2.5.4
      '@parcel/watcher-linux-arm64-musl': 2.5.4
      '@parcel/watcher-linux-x64-glibc': 2.5.4
      '@parcel/watcher-linux-x64-musl': 2.5.4
      '@parcel/watcher-win32-arm64': 2.5.4
      '@parcel/watcher-win32-ia32': 2.5.4
      '@parcel/watcher-win32-x64': 2.5.4

  '@standard-schema/spec@1.0.0': {}

  '@standard-schema/spec@1.1.0': {}

  detect-libc@2.1.2: {}

  effect@3.19.14:
    dependencies:
      '@standard-schema/spec': 1.1.0
      fast-check: 3.23.2

  fast-check@3.23.2:
    dependencies:
      pure-rand: 6.1.0

  find-my-way-ts@0.1.6: {}

  ini@4.1.3: {}

  is-extglob@2.1.1: {}

  is-glob@4.0.3:
    dependencies:
      is-extglob: 2.1.1

  mime@3.0.0: {}

  msgpackr-extract@3.0.3:
    dependencies:
      node-gyp-build-optional-packages: 5.2.2
    optionalDependencies:
      '@msgpackr-extract/msgpackr-extract-darwin-arm64': 3.0.3
      '@msgpackr-extract/msgpackr-extract-darwin-x64': 3.0.3
      '@msgpackr-extract/msgpackr-extract-linux-arm': 3.0.3
      '@msgpackr-extract/msgpackr-extract-linux-arm64': 3.0.3
      '@msgpackr-extract/msgpackr-extract-linux-x64': 3.0.3
      '@msgpackr-extract/msgpackr-extract-win32-x64': 3.0.3
    optional: true

  msgpackr@1.11.8:
    optionalDependencies:
      msgpackr-extract: 3.0.3

  multipasta@0.2.7: {}

  nanoid@5.0.9: {}

  node-addon-api@7.1.1: {}

  node-gyp-build-optional-packages@5.2.2:
    dependencies:
      detect-libc: 2.1.2
    optional: true

  picomatch@4.0.3: {}

  pretty-bytes@7.0.1: {}

  pure-rand@6.1.0: {}

  qrcode-generator@1.4.4: {}

  toml@3.0.0: {}

  undici@7.19.0: {}

  uuid@11.1.0: {}

  ws@8.19.0: {}

  yaml@2.8.2: {}
