lockfileVersion: '9.0'

settings:
  autoInstallPeers: true
  excludeLinksFromLockfile: false

importers:

  .:
    dependencies:
      '@livestore/common':
        specifier: link:../common
        version: link:../common
      '@livestore/livestore':
        specifier: link:../livestore
        version: link:../livestore
      '@livestore/utils':
        specifier: link:../utils
        version: link:../utils
